
Microsoft Visual Studio Solution File, Format Version 12.00
# Visual Studio 2012
Project("{FAE04EC0-301F-11D3-BF4B-00C04F79EFBC}") = "task_1", "task_1\task_1.csproj", "{A008CEC5-4671-46F6-B00B-5AEBBC342DD9}"
EndProject
Project("{FAE04EC0-301F-11D3-BF4B-00C04F79EFBC}") = "task_2", "task_2\task_2.csproj", "{AF7C77FD-3076-47E9-A88A-F84BED6A11DF}"
EndProject
Project("{FAE04EC0-301F-11D3-BF4B-00C04F79EFBC}") = "task_3", "task_3\task_3.csproj", "{8011829D-7ED9-4DD7-9F82-33C6AE2A9005}"
EndProject
Project("{FAE04EC0-301F-11D3-BF4B-00C04F79EFBC}") = "task_4", "task_4\task_4.csproj", "{501FA23E-C174-4DF0-83A1-7EB530CDDC9E}"
EndProject
Global
	GlobalSection(SolutionConfigurationPlatforms) = preSolution
		Debug|Any CPU = Debug|Any CPU
		Release|Any CPU = Release|Any CPU
	EndGlobalSection
	GlobalSection(ProjectConfigurationPlatforms) = postSolution
		{A008CEC5-4671-46F6-B00B-5AEBBC342DD9}.Debug|Any CPU.ActiveCfg = Debug|Any CPU
		{A008CEC5-4671-46F6-B00B-5AEBBC342DD9}.Debug|Any CPU.Build.0 = Debug|Any CPU
		{A008CEC5-4671-46F6-B00B-5AEBBC342DD9}.Release|Any CPU.ActiveCfg = Release|Any CPU
		{A008CEC5-4671-46F6-B00B-5AEBBC342DD9}.Release|Any CPU.Build.0 = Release|Any CPU
		{AF7C77FD-3076-47E9-A88A-F84BED6A11DF}.Debug|Any CPU.ActiveCfg = Debug|Any CPU
		{AF7C77FD-3076-47E9-A88A-F84BED6A11DF}.Debug|Any CPU.Build.0 = Debug|Any CPU
		{AF7C77FD-3076-47E9-A88A-F84BED6A11DF}.Release|Any CPU.ActiveCfg = Release|Any CPU
		{AF7C77FD-3076-47E9-A88A-F84BED6A11DF}.Release|Any CPU.Build.0 = Release|Any CPU
		{8011829D-7ED9-4DD7-9F82-33C6AE2A9005}.Debug|Any CPU.ActiveCfg = Debug|Any CPU
		{8011829D-7ED9-4DD7-9F82-33C6AE2A9005}.Debug|Any CPU.Build.0 = Debug|Any CPU
		{8011829D-7ED9-4DD7-9F82-33C6AE2A9005}.Release|Any CPU.ActiveCfg = Release|Any CPU
		{8011829D-7ED9-4DD7-9F82-33C6AE2A9005}.Release|Any CPU.Build.0 = Release|Any CPU
		{501FA23E-C174-4DF0-83A1-7EB530CDDC9E}.Debug|Any CPU.ActiveCfg = Debug|Any CPU
		{501FA23E-C174-4DF0-83A1-7EB530CDDC9E}.Debug|Any CPU.Build.0 = Debug|Any CPU
		{501FA23E-C174-4DF0-83A1-7EB530CDDC9E}.Release|Any CPU.ActiveCfg = Release|Any CPU
		{501FA23E-C174-4DF0-83A1-7EB530CDDC9E}.Release|Any CPU.Build.0 = Release|Any CPU
	EndGlobalSection
EndGlobal
